// !$*UTF8*$!
{
	archiveVersion = 1;
	classes = {
	};
	objectVersion = 50;
	objects = {

/* Begin PBXBuildFile section */
		16C8969123FEAD0F00809647 /* Pokemon.swift in Sources */ = {isa = PBXBuildFile; fileRef = 16C8969023FEAD0F00809647 /* Pokemon.swift */; };
		16C8969323FEB00C00809647 /* Ability.swift in Sources */ = {isa = PBXBuildFile; fileRef = 16C8969223FEB00C00809647 /* Ability.swift */; };
		16C8969523FEB09B00809647 /* Form.swift in Sources */ = {isa = PBXBuildFile; fileRef = 16C8969423FEB09B00809647 /* Form.swift */; };
		16C8969723FEB5F600809647 /* Sprite.swift in Sources */ = {isa = PBXBuildFile; fileRef = 16C8969623FEB5F600809647 /* Sprite.swift */; };
		16C8969923FEB81F00809647 /* Species.swift in Sources */ = {isa = PBXBuildFile; fileRef = 16C8969823FEB81F00809647 /* Species.swift */; };
		16C8969B23FEB8F700809647 /* Stats.swift in Sources */ = {isa = PBXBuildFile; fileRef = 16C8969A23FEB8F700809647 /* Stats.swift */; };
		16C8969D23FEB92E00809647 /* Type.swift in Sources */ = {isa = PBXBuildFile; fileRef = 16C8969C23FEB92E00809647 /* Type.swift */; };
		16C896A223FEBE1700809647 /* JsonMappable.swift in Sources */ = {isa = PBXBuildFile; fileRef = 16C896A123FEBE1700809647 /* JsonMappable.swift */; };
		16C896A423FED0F000809647 /* ResourceField.swift in Sources */ = {isa = PBXBuildFile; fileRef = 16C896A323FED0F000809647 /* ResourceField.swift */; };
		16C896A8240000F700809647 /* UseCase.swift in Sources */ = {isa = PBXBuildFile; fileRef = 16C896A7240000F600809647 /* UseCase.swift */; };
		16C896AB240402EE00809647 /* GetAllPokemonsUseCase.swift in Sources */ = {isa = PBXBuildFile; fileRef = 16C896AA240402ED00809647 /* GetAllPokemonsUseCase.swift */; };
		DB485B7C23F5FF4500018723 /* AppDelegate.swift in Sources */ = {isa = PBXBuildFile; fileRef = DB485B7B23F5FF4500018723 /* AppDelegate.swift */; };
		DB485B7E23F5FF4500018723 /* SceneDelegate.swift in Sources */ = {isa = PBXBuildFile; fileRef = DB485B7D23F5FF4500018723 /* SceneDelegate.swift */; };
		DB485B8023F5FF4500018723 /* ContentView.swift in Sources */ = {isa = PBXBuildFile; fileRef = DB485B7F23F5FF4500018723 /* ContentView.swift */; };
		DB485B8223F5FF4900018723 /* Assets.xcassets in Resources */ = {isa = PBXBuildFile; fileRef = DB485B8123F5FF4900018723 /* Assets.xcassets */; };
		DB485B8523F5FF4900018723 /* Preview Assets.xcassets in Resources */ = {isa = PBXBuildFile; fileRef = DB485B8423F5FF4900018723 /* Preview Assets.xcassets */; };
		DB485B8823F5FF4900018723 /* LaunchScreen.storyboard in Resources */ = {isa = PBXBuildFile; fileRef = DB485B8623F5FF4900018723 /* LaunchScreen.storyboard */; };
/* End PBXBuildFile section */

/* Begin PBXFileReference section */
		16C8969023FEAD0F00809647 /* Pokemon.swift */ = {isa = PBXFileReference; lastKnownFileType = sourcecode.swift; path = Pokemon.swift; sourceTree = "<group>"; };
		16C8969223FEB00C00809647 /* Ability.swift */ = {isa = PBXFileReference; lastKnownFileType = sourcecode.swift; path = Ability.swift; sourceTree = "<group>"; };
		16C8969423FEB09B00809647 /* Form.swift */ = {isa = PBXFileReference; lastKnownFileType = sourcecode.swift; path = Form.swift; sourceTree = "<group>"; };
		16C8969623FEB5F600809647 /* Sprite.swift */ = {isa = PBXFileReference; lastKnownFileType = sourcecode.swift; path = Sprite.swift; sourceTree = "<group>"; };
		16C8969823FEB81F00809647 /* Species.swift */ = {isa = PBXFileReference; lastKnownFileType = sourcecode.swift; path = Species.swift; sourceTree = "<group>"; };
		16C8969A23FEB8F700809647 /* Stats.swift */ = {isa = PBXFileReference; lastKnownFileType = sourcecode.swift; path = Stats.swift; sourceTree = "<group>"; };
		16C8969C23FEB92E00809647 /* Type.swift */ = {isa = PBXFileReference; lastKnownFileType = sourcecode.swift; path = Type.swift; sourceTree = "<group>"; };
		16C896A123FEBE1700809647 /* JsonMappable.swift */ = {isa = PBXFileReference; lastKnownFileType = sourcecode.swift; path = JsonMappable.swift; sourceTree = "<group>"; };
		16C896A323FED0F000809647 /* ResourceField.swift */ = {isa = PBXFileReference; lastKnownFileType = sourcecode.swift; path = ResourceField.swift; sourceTree = "<group>"; };
		16C896A7240000F600809647 /* UseCase.swift */ = {isa = PBXFileReference; lastKnownFileType = sourcecode.swift; path = UseCase.swift; sourceTree = "<group>"; };
		16C896AA240402ED00809647 /* GetAllPokemonsUseCase.swift */ = {isa = PBXFileReference; lastKnownFileType = sourcecode.swift; path = GetAllPokemonsUseCase.swift; sourceTree = "<group>"; };
		DB485B7823F5FF4500018723 /* PokeAppIos.app */ = {isa = PBXFileReference; explicitFileType = wrapper.application; includeInIndex = 0; path = PokeAppIos.app; sourceTree = BUILT_PRODUCTS_DIR; };
		DB485B7B23F5FF4500018723 /* AppDelegate.swift */ = {isa = PBXFileReference; lastKnownFileType = sourcecode.swift; path = AppDelegate.swift; sourceTree = "<group>"; };
		DB485B7D23F5FF4500018723 /* SceneDelegate.swift */ = {isa = PBXFileReference; lastKnownFileType = sourcecode.swift; path = SceneDelegate.swift; sourceTree = "<group>"; };
		DB485B7F23F5FF4500018723 /* ContentView.swift */ = {isa = PBXFileReference; lastKnownFileType = sourcecode.swift; path = ContentView.swift; sourceTree = "<group>"; };
		DB485B8123F5FF4900018723 /* Assets.xcassets */ = {isa = PBXFileReference; lastKnownFileType = folder.assetcatalog; path = Assets.xcassets; sourceTree = "<group>"; };
		DB485B8423F5FF4900018723 /* Preview Assets.xcassets */ = {isa = PBXFileReference; lastKnownFileType = folder.assetcatalog; path = "Preview Assets.xcassets"; sourceTree = "<group>"; };
		DB485B8723F5FF4900018723 /* Base */ = {isa = PBXFileReference; lastKnownFileType = file.storyboard; name = Base; path = Base.lproj/LaunchScreen.storyboard; sourceTree = "<group>"; };
		DB485B8923F5FF4900018723 /* Info.plist */ = {isa = PBXFileReference; lastKnownFileType = text.plist.xml; path = Info.plist; sourceTree = "<group>"; };
		DB485B9023F6E01200018723 /* Alamofire.framework */ = {isa = PBXFileReference; lastKnownFileType = wrapper.framework; name = Alamofire.framework; path = Carthage/Build/iOS/Alamofire.framework; sourceTree = "<group>"; };
		DB485B9423F6E01500018723 /* PMKFoundation.framework */ = {isa = PBXFileReference; lastKnownFileType = wrapper.framework; name = PMKFoundation.framework; path = Carthage/Build/iOS/PMKFoundation.framework; sourceTree = "<group>"; };
		DB485B9723F6E01700018723 /* PromiseKit.framework */ = {isa = PBXFileReference; lastKnownFileType = wrapper.framework; name = PromiseKit.framework; path = Carthage/Build/iOS/PromiseKit.framework; sourceTree = "<group>"; };
		DB485B9A23F6E01900018723 /* SwiftyJSON.framework */ = {isa = PBXFileReference; lastKnownFileType = wrapper.framework; name = SwiftyJSON.framework; path = Carthage/Build/iOS/SwiftyJSON.framework; sourceTree = "<group>"; };
		DB485B9D23F6E01C00018723 /* Swinject.framework */ = {isa = PBXFileReference; lastKnownFileType = wrapper.framework; name = Swinject.framework; path = Carthage/Build/iOS/Swinject.framework; sourceTree = "<group>"; };
/* End PBXFileReference section */

/* Begin PBXFrameworksBuildPhase section */
		DB485B7523F5FF4500018723 /* Frameworks */ = {
			isa = PBXFrameworksBuildPhase;
			buildActionMask = 2147483647;
			files = (
			);
			runOnlyForDeploymentPostprocessing = 0;
		};
/* End PBXFrameworksBuildPhase section */

/* Begin PBXGroup section */
		16C8968C23FE9E7400809647 /* View */ = {
			isa = PBXGroup;
			children = (
				DB485B7F23F5FF4500018723 /* ContentView.swift */,
			);
			path = View;
			sourceTree = "<group>";
		};
		16C8968D23FEACD400809647 /* Data */ = {
			isa = PBXGroup;
			children = (
				16C8969E23FEB94E00809647 /* Common */,
				16C8968E23FEACEB00809647 /* Pokemon */,
			);
			path = Data;
			sourceTree = "<group>";
		};
		16C8968E23FEACEB00809647 /* Pokemon */ = {
			isa = PBXGroup;
			children = (
				16C8968F23FEACF400809647 /* Entity */,
			);
			path = Pokemon;
			sourceTree = "<group>";
		};
		16C8968F23FEACF400809647 /* Entity */ = {
			isa = PBXGroup;
			children = (
				16C8969023FEAD0F00809647 /* Pokemon.swift */,
				16C8969223FEB00C00809647 /* Ability.swift */,
				16C8969423FEB09B00809647 /* Form.swift */,
				16C8969623FEB5F600809647 /* Sprite.swift */,
				16C8969823FEB81F00809647 /* Species.swift */,
				16C8969A23FEB8F700809647 /* Stats.swift */,
				16C8969C23FEB92E00809647 /* Type.swift */,
				16C896A323FED0F000809647 /* ResourceField.swift */,
			);
			path = Entity;
			sourceTree = "<group>";
		};
		16C8969E23FEB94E00809647 /* Common */ = {
			isa = PBXGroup;
			children = (
				16C896A123FEBE1700809647 /* JsonMappable.swift */,
			);
			path = Common;
			sourceTree = "<group>";
		};
		16C896A5240000D400809647 /* Domain */ = {
			isa = PBXGroup;
			children = (
				16C896A9240402B200809647 /* Pokemon */,
				16C896A6240000E200809647 /* Common */,
			);
			path = Domain;
			sourceTree = "<group>";
		};
		16C896A6240000E200809647 /* Common */ = {
			isa = PBXGroup;
			children = (
				16C896A7240000F600809647 /* UseCase.swift */,
			);
			path = Common;
			sourceTree = "<group>";
		};
		16C896A9240402B200809647 /* Pokemon */ = {
			isa = PBXGroup;
			children = (
				16C896AA240402ED00809647 /* GetAllPokemonsUseCase.swift */,
			);
			path = Pokemon;
			sourceTree = "<group>";
		};
		DB485B6F23F5FF4500018723 = {
			isa = PBXGroup;
			children = (
				DB485B7A23F5FF4500018723 /* PokeAppIos */,
				DB485B7923F5FF4500018723 /* Products */,
				DB485B8F23F6E01100018723 /* Frameworks */,
			);
			sourceTree = "<group>";
		};
		DB485B7923F5FF4500018723 /* Products */ = {
			isa = PBXGroup;
			children = (
				DB485B7823F5FF4500018723 /* PokeAppIos.app */,
			);
			name = Products;
			sourceTree = "<group>";
		};
		DB485B7A23F5FF4500018723 /* PokeAppIos */ = {
			isa = PBXGroup;
			children = (
				16C896A5240000D400809647 /* Domain */,
				16C8968D23FEACD400809647 /* Data */,
				16C8968C23FE9E7400809647 /* View */,
				DB485B7B23F5FF4500018723 /* AppDelegate.swift */,
				DB485B7D23F5FF4500018723 /* SceneDelegate.swift */,
				DB485B8123F5FF4900018723 /* Assets.xcassets */,
				DB485B8623F5FF4900018723 /* LaunchScreen.storyboard */,
				DB485B8923F5FF4900018723 /* Info.plist */,
				DB485B8323F5FF4900018723 /* Preview Content */,
			);
			path = PokeAppIos;
			sourceTree = "<group>";
		};
		DB485B8323F5FF4900018723 /* Preview Content */ = {
			isa = PBXGroup;
			children = (
				DB485B8423F5FF4900018723 /* Preview Assets.xcassets */,
			);
			path = "Preview Content";
			sourceTree = "<group>";
		};
		DB485B8F23F6E01100018723 /* Frameworks */ = {
			isa = PBXGroup;
			children = (
				DB485B9D23F6E01C00018723 /* Swinject.framework */,
				DB485B9A23F6E01900018723 /* SwiftyJSON.framework */,
				DB485B9723F6E01700018723 /* PromiseKit.framework */,
				DB485B9423F6E01500018723 /* PMKFoundation.framework */,
				DB485B9023F6E01200018723 /* Alamofire.framework */,
			);
			name = Frameworks;
			sourceTree = "<group>";
		};
/* End PBXGroup section */

/* Begin PBXNativeTarget section */
		DB485B7723F5FF4500018723 /* PokeAppIos */ = {
			isa = PBXNativeTarget;
			buildConfigurationList = DB485B8C23F5FF4900018723 /* Build configuration list for PBXNativeTarget "PokeAppIos" */;
			buildPhases = (
				DB485B7423F5FF4500018723 /* Sources */,
				DB485B7523F5FF4500018723 /* Frameworks */,
				DB485B7623F5FF4500018723 /* Resources */,
				DB485BAB23F6E34A00018723 /* Run Script */,
			);
			buildRules = (
			);
			dependencies = (
			);
			name = PokeAppIos;
			productName = PokeAppIos;
			productReference = DB485B7823F5FF4500018723 /* PokeAppIos.app */;
			productType = "com.apple.product-type.application";
		};
/* End PBXNativeTarget section */

/* Begin PBXProject section */
		DB485B7023F5FF4500018723 /* Project object */ = {
			isa = PBXProject;
			attributes = {
				LastSwiftUpdateCheck = 1130;
				LastUpgradeCheck = 1130;
				ORGANIZATIONNAME = "Przemyslaw Dabrowski";
				TargetAttributes = {
					DB485B7723F5FF4500018723 = {
						CreatedOnToolsVersion = 11.3;
					};
				};
			};
			buildConfigurationList = DB485B7323F5FF4500018723 /* Build configuration list for PBXProject "PokeAppIos" */;
			compatibilityVersion = "Xcode 9.3";
			developmentRegion = en;
			hasScannedForEncodings = 0;
			knownRegions = (
				en,
				Base,
			);
			mainGroup = DB485B6F23F5FF4500018723;
			productRefGroup = DB485B7923F5FF4500018723 /* Products */;
			projectDirPath = "";
			projectRoot = "";
			targets = (
				DB485B7723F5FF4500018723 /* PokeAppIos */,
			);
		};
/* End PBXProject section */

/* Begin PBXResourcesBuildPhase section */
		DB485B7623F5FF4500018723 /* Resources */ = {
			isa = PBXResourcesBuildPhase;
			buildActionMask = 2147483647;
			files = (
				DB485B8823F5FF4900018723 /* LaunchScreen.storyboard in Resources */,
				DB485B8523F5FF4900018723 /* Preview Assets.xcassets in Resources */,
				DB485B8223F5FF4900018723 /* Assets.xcassets in Resources */,
			);
			runOnlyForDeploymentPostprocessing = 0;
		};
/* End PBXResourcesBuildPhase section */

/* Begin PBXShellScriptBuildPhase section */
		DB485BAB23F6E34A00018723 /* Run Script */ = {
			isa = PBXShellScriptBuildPhase;
			buildActionMask = 2147483647;
			files = (
			);
			inputFileListPaths = (
			);
			inputPaths = (
				"$(SRCROOT)/Carthage/Build/iOS/Swinject.framework",
				"$(SRCROOT)/Carthage/Build/iOS/SwiftyJSON.framework",
				"$(SRCROOT)/Carthage/Build/iOS/PromiseKit.framework",
				"$(SRCROOT)/Carthage/Build/iOS/PMKFoundation.framework",
				"$(SRCROOT)/Carthage/Build/iOS/Alamofire.framework",
			);
			name = "Run Script";
			outputFileListPaths = (
			);
			outputPaths = (
				"$(BUILT_PRODUCTS_DIR)/$(FRAMEWORKS_FOLDER_PATH)/Swinject.framework",
				"$(BUILT_PRODUCTS_DIR)/$(FRAMEWORKS_FOLDER_PATH)/SwiftyJSON.framework",
				"$(BUILT_PRODUCTS_DIR)/$(FRAMEWORKS_FOLDER_PATH)/PromiseKit.framework",
				"$(BUILT_PRODUCTS_DIR)/$(FRAMEWORKS_FOLDER_PATH)/PMKFoundation.framework",
				"$(BUILT_PRODUCTS_DIR)/$(FRAMEWORKS_FOLDER_PATH)/Alamofire.framework",
			);
			runOnlyForDeploymentPostprocessing = 0;
			shellPath = /bin/sh;
			shellScript = "# Type a script or drag a script file from your workspace to insert its path.\n/usr/local/bin/carthage copy-frameworks\n";
		};
/* End PBXShellScriptBuildPhase section */

/* Begin PBXSourcesBuildPhase section */
		DB485B7423F5FF4500018723 /* Sources */ = {
			isa = PBXSourcesBuildPhase;
			buildActionMask = 2147483647;
			files = (
				DB485B7C23F5FF4500018723 /* AppDelegate.swift in Sources */,
				16C8969B23FEB8F700809647 /* Stats.swift in Sources */,
				16C896AB240402EE00809647 /* GetAllPokemonsUseCase.swift in Sources */,
				16C896A423FED0F000809647 /* ResourceField.swift in Sources */,
				16C8969323FEB00C00809647 /* Ability.swift in Sources */,
				16C8969123FEAD0F00809647 /* Pokemon.swift in Sources */,
				DB485B7E23F5FF4500018723 /* SceneDelegate.swift in Sources */,
				16C896A8240000F700809647 /* UseCase.swift in Sources */,
				16C8969D23FEB92E00809647 /* Type.swift in Sources */,
				16C8969923FEB81F00809647 /* Species.swift in Sources */,
				16C8969723FEB5F600809647 /* Sprite.swift in Sources */,
				16C896A223FEBE1700809647 /* JsonMappable.swift in Sources */,
				DB485B8023F5FF4500018723 /* ContentView.swift in Sources */,
				16C8969523FEB09B00809647 /* Form.swift in Sources */,
			);
			runOnlyForDeploymentPostprocessing = 0;
		};
/* End PBXSourcesBuildPhase section */

/* Begin PBXVariantGroup section */
		DB485B8623F5FF4900018723 /* LaunchScreen.storyboard */ = {
			isa = PBXVariantGroup;
			children = (
				DB485B8723F5FF4900018723 /* Base */,
			);
			name = LaunchScreen.storyboard;
			sourceTree = "<group>";
		};
/* End PBXVariantGroup section */

/* Begin XCBuildConfiguration section */
		DB485B8A23F5FF4900018723 /* Debug */ = {
			isa = XCBuildConfiguration;
			buildSettings = {
				ALWAYS_SEARCH_USER_PATHS = NO;
				CLANG_ANALYZER_NONNULL = YES;
				CLANG_ANALYZER_NUMBER_OBJECT_CONVERSION = YES_AGGRESSIVE;
				CLANG_CXX_LANGUAGE_STANDARD = "gnu++14";
				CLANG_CXX_LIBRARY = "libc++";
				CLANG_ENABLE_MODULES = YES;
				CLANG_ENABLE_OBJC_ARC = YES;
				CLANG_ENABLE_OBJC_WEAK = YES;
				CLANG_WARN_BLOCK_CAPTURE_AUTORELEASING = YES;
				CLANG_WARN_BOOL_CONVERSION = YES;
				CLANG_WARN_COMMA = YES;
				CLANG_WARN_CONSTANT_CONVERSION = YES;
				CLANG_WARN_DEPRECATED_OBJC_IMPLEMENTATIONS = YES;
				CLANG_WARN_DIRECT_OBJC_ISA_USAGE = YES_ERROR;
				CLANG_WARN_DOCUMENTATION_COMMENTS = YES;
				CLANG_WARN_EMPTY_BODY = YES;
				CLANG_WARN_ENUM_CONVERSION = YES;
				CLANG_WARN_INFINITE_RECURSION = YES;
				CLANG_WARN_INT_CONVERSION = YES;
				CLANG_WARN_NON_LITERAL_NULL_CONVERSION = YES;
				CLANG_WARN_OBJC_IMPLICIT_RETAIN_SELF = YES;
				CLANG_WARN_OBJC_LITERAL_CONVERSION = YES;
				CLANG_WARN_OBJC_ROOT_CLASS = YES_ERROR;
				CLANG_WARN_RANGE_LOOP_ANALYSIS = YES;
				CLANG_WARN_STRICT_PROTOTYPES = YES;
				CLANG_WARN_SUSPICIOUS_MOVE = YES;
				CLANG_WARN_UNGUARDED_AVAILABILITY = YES_AGGRESSIVE;
				CLANG_WARN_UNREACHABLE_CODE = YES;
				CLANG_WARN__DUPLICATE_METHOD_MATCH = YES;
				COPY_PHASE_STRIP = NO;
				DEBUG_INFORMATION_FORMAT = dwarf;
				ENABLE_STRICT_OBJC_MSGSEND = YES;
				ENABLE_TESTABILITY = YES;
				GCC_C_LANGUAGE_STANDARD = gnu11;
				GCC_DYNAMIC_NO_PIC = NO;
				GCC_NO_COMMON_BLOCKS = YES;
				GCC_OPTIMIZATION_LEVEL = 0;
				GCC_PREPROCESSOR_DEFINITIONS = (
					"DEBUG=1",
					"$(inherited)",
				);
				GCC_WARN_64_TO_32_BIT_CONVERSION = YES;
				GCC_WARN_ABOUT_RETURN_TYPE = YES_ERROR;
				GCC_WARN_UNDECLARED_SELECTOR = YES;
				GCC_WARN_UNINITIALIZED_AUTOS = YES_AGGRESSIVE;
				GCC_WARN_UNUSED_FUNCTION = YES;
				GCC_WARN_UNUSED_VARIABLE = YES;
				IPHONEOS_DEPLOYMENT_TARGET = 13.2;
				MTL_ENABLE_DEBUG_INFO = INCLUDE_SOURCE;
				MTL_FAST_MATH = YES;
				ONLY_ACTIVE_ARCH = YES;
				SDKROOT = iphoneos;
				SWIFT_ACTIVE_COMPILATION_CONDITIONS = DEBUG;
				SWIFT_OPTIMIZATION_LEVEL = "-Onone";
			};
			name = Debug;
		};
		DB485B8B23F5FF4900018723 /* Release */ = {
			isa = XCBuildConfiguration;
			buildSettings = {
				ALWAYS_SEARCH_USER_PATHS = NO;
				CLANG_ANALYZER_NONNULL = YES;
				CLANG_ANALYZER_NUMBER_OBJECT_CONVERSION = YES_AGGRESSIVE;
				CLANG_CXX_LANGUAGE_STANDARD = "gnu++14";
				CLANG_CXX_LIBRARY = "libc++";
				CLANG_ENABLE_MODULES = YES;
				CLANG_ENABLE_OBJC_ARC = YES;
				CLANG_ENABLE_OBJC_WEAK = YES;
				CLANG_WARN_BLOCK_CAPTURE_AUTORELEASING = YES;
				CLANG_WARN_BOOL_CONVERSION = YES;
				CLANG_WARN_COMMA = YES;
				CLANG_WARN_CONSTANT_CONVERSION = YES;
				CLANG_WARN_DEPRECATED_OBJC_IMPLEMENTATIONS = YES;
				CLANG_WARN_DIRECT_OBJC_ISA_USAGE = YES_ERROR;
				CLANG_WARN_DOCUMENTATION_COMMENTS = YES;
				CLANG_WARN_EMPTY_BODY = YES;
				CLANG_WARN_ENUM_CONVERSION = YES;
				CLANG_WARN_INFINITE_RECURSION = YES;
				CLANG_WARN_INT_CONVERSION = YES;
				CLANG_WARN_NON_LITERAL_NULL_CONVERSION = YES;
				CLANG_WARN_OBJC_IMPLICIT_RETAIN_SELF = YES;
				CLANG_WARN_OBJC_LITERAL_CONVERSION = YES;
				CLANG_WARN_OBJC_ROOT_CLASS = YES_ERROR;
				CLANG_WARN_RANGE_LOOP_ANALYSIS = YES;
				CLANG_WARN_STRICT_PROTOTYPES = YES;
				CLANG_WARN_SUSPICIOUS_MOVE = YES;
				CLANG_WARN_UNGUARDED_AVAILABILITY = YES_AGGRESSIVE;
				CLANG_WARN_UNREACHABLE_CODE = YES;
				CLANG_WARN__DUPLICATE_METHOD_MATCH = YES;
				COPY_PHASE_STRIP = NO;
				DEBUG_INFORMATION_FORMAT = "dwarf-with-dsym";
				ENABLE_NS_ASSERTIONS = NO;
				ENABLE_STRICT_OBJC_MSGSEND = YES;
				GCC_C_LANGUAGE_STANDARD = gnu11;
				GCC_NO_COMMON_BLOCKS = YES;
				GCC_WARN_64_TO_32_BIT_CONVERSION = YES;
				GCC_WARN_ABOUT_RETURN_TYPE = YES_ERROR;
				GCC_WARN_UNDECLARED_SELECTOR = YES;
				GCC_WARN_UNINITIALIZED_AUTOS = YES_AGGRESSIVE;
				GCC_WARN_UNUSED_FUNCTION = YES;
				GCC_WARN_UNUSED_VARIABLE = YES;
				IPHONEOS_DEPLOYMENT_TARGET = 13.2;
				MTL_ENABLE_DEBUG_INFO = NO;
				MTL_FAST_MATH = YES;
				SDKROOT = iphoneos;
				SWIFT_COMPILATION_MODE = wholemodule;
				SWIFT_OPTIMIZATION_LEVEL = "-O";
				VALIDATE_PRODUCT = YES;
			};
			name = Release;
		};
		DB485B8D23F5FF4900018723 /* Debug */ = {
			isa = XCBuildConfiguration;
			buildSettings = {
				ASSETCATALOG_COMPILER_APPICON_NAME = AppIcon;
				CODE_SIGN_STYLE = Automatic;
				DEVELOPMENT_ASSET_PATHS = "\"PokeAppIos/Preview Content\"";
				ENABLE_PREVIEWS = YES;
				FRAMEWORK_SEARCH_PATHS = (
					"$(inherited)",
					"$(PROJECT_DIR)/Carthage/Build/iOS",
				);
				INFOPLIST_FILE = PokeAppIos/Info.plist;
				LD_RUNPATH_SEARCH_PATHS = (
					"$(inherited)",
					"@executable_path/Frameworks",
				);
				PRODUCT_BUNDLE_IDENTIFIER = com.codefactory.PokeAppIos;
				PRODUCT_NAME = "$(TARGET_NAME)";
				SWIFT_VERSION = 5.0;
				TARGETED_DEVICE_FAMILY = "1,2";
			};
			name = Debug;
		};
		DB485B8E23F5FF4900018723 /* Release */ = {
			isa = XCBuildConfiguration;
			buildSettings = {
				ASSETCATALOG_COMPILER_APPICON_NAME = AppIcon;
				CODE_SIGN_STYLE = Automatic;
				DEVELOPMENT_ASSET_PATHS = "\"PokeAppIos/Preview Content\"";
				ENABLE_PREVIEWS = YES;
				FRAMEWORK_SEARCH_PATHS = (
					"$(inherited)",
					"$(PROJECT_DIR)/Carthage/Build/iOS",
				);
				INFOPLIST_FILE = PokeAppIos/Info.plist;
				LD_RUNPATH_SEARCH_PATHS = (
					"$(inherited)",
					"@executable_path/Frameworks",
				);
				PRODUCT_BUNDLE_IDENTIFIER = com.codefactory.PokeAppIos;
				PRODUCT_NAME = "$(TARGET_NAME)";
				SWIFT_VERSION = 5.0;
				TARGETED_DEVICE_FAMILY = "1,2";
			};
			name = Release;
		};
/* End XCBuildConfiguration section */

/* Begin XCConfigurationList section */
		DB485B7323F5FF4500018723 /* Build configuration list for PBXProject "PokeAppIos" */ = {
			isa = XCConfigurationList;
			buildConfigurations = (
				DB485B8A23F5FF4900018723 /* Debug */,
				DB485B8B23F5FF4900018723 /* Release */,
			);
			defaultConfigurationIsVisible = 0;
			defaultConfigurationName = Release;
		};
		DB485B8C23F5FF4900018723 /* Build configuration list for PBXNativeTarget "PokeAppIos" */ = {
			isa = XCConfigurationList;
			buildConfigurations = (
				DB485B8D23F5FF4900018723 /* Debug */,
				DB485B8E23F5FF4900018723 /* Release */,
			);
			defaultConfigurationIsVisible = 0;
			defaultConfigurationName = Release;
		};
/* End XCConfigurationList section */
	};
	rootObject = DB485B7023F5FF4500018723 /* Project object */;
}
